// !$*UTF8*$!
{
	archiveVersion = 1;
	classes = {
	};
	objectVersion = 55;
	objects = {

/* Begin PBXBuildFile section */
		CC07D9BB29ED6E70003A5DE4 /* AppDelegate.swift in Sources */ = {isa = PBXBuildFile; fileRef = CC07D9BA29ED6E70003A5DE4 /* AppDelegate.swift */; };
		CC07D9BD29ED6E70003A5DE4 /* SceneDelegate.swift in Sources */ = {isa = PBXBuildFile; fileRef = CC07D9BC29ED6E70003A5DE4 /* SceneDelegate.swift */; };
		CC07D9BF29ED6E70003A5DE4 /* ViewController.swift in Sources */ = {isa = PBXBuildFile; fileRef = CC07D9BE29ED6E70003A5DE4 /* ViewController.swift */; };
		CC07D9C229ED6E70003A5DE4 /* Main.storyboard in Resources */ = {isa = PBXBuildFile; fileRef = CC07D9C029ED6E70003A5DE4 /* Main.storyboard */; };
		CC07D9C529ED6E70003A5DE4 /* DSA.xcdatamodeld in Sources */ = {isa = PBXBuildFile; fileRef = CC07D9C329ED6E70003A5DE4 /* DSA.xcdatamodeld */; };
		CC07D9C729ED6E71003A5DE4 /* Assets.xcassets in Resources */ = {isa = PBXBuildFile; fileRef = CC07D9C629ED6E71003A5DE4 /* Assets.xcassets */; };
		CC07D9CA29ED6E71003A5DE4 /* LaunchScreen.storyboard in Resources */ = {isa = PBXBuildFile; fileRef = CC07D9C829ED6E71003A5DE4 /* LaunchScreen.storyboard */; };
		CC07D9D529ED6E72003A5DE4 /* DSATests.swift in Sources */ = {isa = PBXBuildFile; fileRef = CC07D9D429ED6E72003A5DE4 /* DSATests.swift */; };
		CC07D9DF29ED6E72003A5DE4 /* DSAUITests.swift in Sources */ = {isa = PBXBuildFile; fileRef = CC07D9DE29ED6E72003A5DE4 /* DSAUITests.swift */; };
		CC07D9E129ED6E72003A5DE4 /* DSAUITestsLaunchTests.swift in Sources */ = {isa = PBXBuildFile; fileRef = CC07D9E029ED6E72003A5DE4 /* DSAUITestsLaunchTests.swift */; };
		CC07D9EE29EEEEEC003A5DE4 /* Entity.swift in Sources */ = {isa = PBXBuildFile; fileRef = CC07D9ED29EEEEEC003A5DE4 /* Entity.swift */; };
		CC07D9F029F03A17003A5DE4 /* DoublyLinkedList.swift in Sources */ = {isa = PBXBuildFile; fileRef = CC07D9EF29F03A16003A5DE4 /* DoublyLinkedList.swift */; };
/* End PBXBuildFile section */

/* Begin PBXContainerItemProxy section */
		CC07D9D129ED6E72003A5DE4 /* PBXContainerItemProxy */ = {
			isa = PBXContainerItemProxy;
			containerPortal = CC07D9AF29ED6E70003A5DE4 /* Project object */;
			proxyType = 1;
			remoteGlobalIDString = CC07D9B629ED6E70003A5DE4;
			remoteInfo = DSA;
		};
		CC07D9DB29ED6E72003A5DE4 /* PBXContainerItemProxy */ = {
			isa = PBXContainerItemProxy;
			containerPortal = CC07D9AF29ED6E70003A5DE4 /* Project object */;
			proxyType = 1;
			remoteGlobalIDString = CC07D9B629ED6E70003A5DE4;
			remoteInfo = DSA;
		};
/* End PBXContainerItemProxy section */

/* Begin PBXFileReference section */
		CC07D9B729ED6E70003A5DE4 /* DSA.app */ = {isa = PBXFileReference; explicitFileType = wrapper.application; includeInIndex = 0; path = DSA.app; sourceTree = BUILT_PRODUCTS_DIR; };
		CC07D9BA29ED6E70003A5DE4 /* AppDelegate.swift */ = {isa = PBXFileReference; lastKnownFileType = sourcecode.swift; path = AppDelegate.swift; sourceTree = "<group>"; };
		CC07D9BC29ED6E70003A5DE4 /* SceneDelegate.swift */ = {isa = PBXFileReference; lastKnownFileType = sourcecode.swift; path = SceneDelegate.swift; sourceTree = "<group>"; };
		CC07D9BE29ED6E70003A5DE4 /* ViewController.swift */ = {isa = PBXFileReference; lastKnownFileType = sourcecode.swift; path = ViewController.swift; sourceTree = "<group>"; };
		CC07D9C129ED6E70003A5DE4 /* Base */ = {isa = PBXFileReference; lastKnownFileType = file.storyboard; name = Base; path = Base.lproj/Main.storyboard; sourceTree = "<group>"; };
		CC07D9C429ED6E70003A5DE4 /* DSA.xcdatamodel */ = {isa = PBXFileReference; lastKnownFileType = wrapper.xcdatamodel; path = DSA.xcdatamodel; sourceTree = "<group>"; };
		CC07D9C629ED6E71003A5DE4 /* Assets.xcassets */ = {isa = PBXFileReference; lastKnownFileType = folder.assetcatalog; path = Assets.xcassets; sourceTree = "<group>"; };
		CC07D9C929ED6E71003A5DE4 /* Base */ = {isa = PBXFileReference; lastKnownFileType = file.storyboard; name = Base; path = Base.lproj/LaunchScreen.storyboard; sourceTree = "<group>"; };
		CC07D9CB29ED6E71003A5DE4 /* Info.plist */ = {isa = PBXFileReference; lastKnownFileType = text.plist.xml; path = Info.plist; sourceTree = "<group>"; };
		CC07D9D029ED6E72003A5DE4 /* DSATests.xctest */ = {isa = PBXFileReference; explicitFileType = wrapper.cfbundle; includeInIndex = 0; path = DSATests.xctest; sourceTree = BUILT_PRODUCTS_DIR; };
		CC07D9D429ED6E72003A5DE4 /* DSATests.swift */ = {isa = PBXFileReference; lastKnownFileType = sourcecode.swift; path = DSATests.swift; sourceTree = "<group>"; };
		CC07D9DA29ED6E72003A5DE4 /* DSAUITests.xctest */ = {isa = PBXFileReference; explicitFileType = wrapper.cfbundle; includeInIndex = 0; path = DSAUITests.xctest; sourceTree = BUILT_PRODUCTS_DIR; };
		CC07D9DE29ED6E72003A5DE4 /* DSAUITests.swift */ = {isa = PBXFileReference; lastKnownFileType = sourcecode.swift; path = DSAUITests.swift; sourceTree = "<group>"; };
		CC07D9E029ED6E72003A5DE4 /* DSAUITestsLaunchTests.swift */ = {isa = PBXFileReference; lastKnownFileType = sourcecode.swift; path = DSAUITestsLaunchTests.swift; sourceTree = "<group>"; };
		CC07D9ED29EEEEEC003A5DE4 /* Entity.swift */ = {isa = PBXFileReference; lastKnownFileType = sourcecode.swift; path = Entity.swift; sourceTree = "<group>"; };
		CC07D9EF29F03A16003A5DE4 /* DoublyLinkedList.swift */ = {isa = PBXFileReference; lastKnownFileType = sourcecode.swift; path = DoublyLinkedList.swift; sourceTree = "<group>"; };
/* End PBXFileReference section */

/* Begin PBXFrameworksBuildPhase section */
		CC07D9B429ED6E70003A5DE4 /* Frameworks */ = {
			isa = PBXFrameworksBuildPhase;
			buildActionMask = 2147483647;
			files = (
			);
			runOnlyForDeploymentPostprocessing = 0;
		};
		CC07D9CD29ED6E72003A5DE4 /* Frameworks */ = {
			isa = PBXFrameworksBuildPhase;
			buildActionMask = 2147483647;
			files = (
			);
			runOnlyForDeploymentPostprocessing = 0;
		};
		CC07D9D729ED6E72003A5DE4 /* Frameworks */ = {
			isa = PBXFrameworksBuildPhase;
			buildActionMask = 2147483647;
			files = (
			);
			runOnlyForDeploymentPostprocessing = 0;
		};
/* End PBXFrameworksBuildPhase section */

/* Begin PBXGroup section */
		CC07D9AE29ED6E70003A5DE4 = {
			isa = PBXGroup;
			children = (
				CC07D9B929ED6E70003A5DE4 /* DSA */,
				CC07D9D329ED6E72003A5DE4 /* DSATests */,
				CC07D9DD29ED6E72003A5DE4 /* DSAUITests */,
				CC07D9B829ED6E70003A5DE4 /* Products */,
			);
			sourceTree = "<group>";
		};
		CC07D9B829ED6E70003A5DE4 /* Products */ = {
			isa = PBXGroup;
			children = (
				CC07D9B729ED6E70003A5DE4 /* DSA.app */,
				CC07D9D029ED6E72003A5DE4 /* DSATests.xctest */,
				CC07D9DA29ED6E72003A5DE4 /* DSAUITests.xctest */,
			);
			name = Products;
			sourceTree = "<group>";
		};
		CC07D9B929ED6E70003A5DE4 /* DSA */ = {
			isa = PBXGroup;
			children = (
				CC07D9BA29ED6E70003A5DE4 /* AppDelegate.swift */,
				CC07D9BC29ED6E70003A5DE4 /* SceneDelegate.swift */,
				CC07D9BE29ED6E70003A5DE4 /* ViewController.swift */,
				CC07D9ED29EEEEEC003A5DE4 /* Entity.swift */,
				CC07D9EF29F03A16003A5DE4 /* DoublyLinkedList.swift */,
				CC07D9C029ED6E70003A5DE4 /* Main.storyboard */,
				CC07D9C629ED6E71003A5DE4 /* Assets.xcassets */,
				CC07D9C829ED6E71003A5DE4 /* LaunchScreen.storyboard */,
				CC07D9CB29ED6E71003A5DE4 /* Info.plist */,
				CC07D9C329ED6E70003A5DE4 /* DSA.xcdatamodeld */,
			);
			path = DSA;
			sourceTree = "<group>";
		};
		CC07D9D329ED6E72003A5DE4 /* DSATests */ = {
			isa = PBXGroup;
			children = (
				CC07D9D429ED6E72003A5DE4 /* DSATests.swift */,
			);
			path = DSATests;
			sourceTree = "<group>";
		};
		CC07D9DD29ED6E72003A5DE4 /* DSAUITests */ = {
			isa = PBXGroup;
			children = (
				CC07D9DE29ED6E72003A5DE4 /* DSAUITests.swift */,
				CC07D9E029ED6E72003A5DE4 /* DSAUITestsLaunchTests.swift */,
			);
			path = DSAUITests;
			sourceTree = "<group>";
		};
/* End PBXGroup section */

/* Begin PBXNativeTarget section */
		CC07D9B629ED6E70003A5DE4 /* DSA */ = {
			isa = PBXNativeTarget;
			buildConfigurationList = CC07D9E429ED6E72003A5DE4 /* Build configuration list for PBXNativeTarget "DSA" */;
			buildPhases = (
				CC07D9B329ED6E70003A5DE4 /* Sources */,
				CC07D9B429ED6E70003A5DE4 /* Frameworks */,
				CC07D9B529ED6E70003A5DE4 /* Resources */,
			);
			buildRules = (
			);
			dependencies = (
			);
			name = DSA;
			productName = DSA;
			productReference = CC07D9B729ED6E70003A5DE4 /* DSA.app */;
			productType = "com.apple.product-type.application";
		};
		CC07D9CF29ED6E72003A5DE4 /* DSATests */ = {
			isa = PBXNativeTarget;
			buildConfigurationList = CC07D9E729ED6E72003A5DE4 /* Build configuration list for PBXNativeTarget "DSATests" */;
			buildPhases = (
				CC07D9CC29ED6E72003A5DE4 /* Sources */,
				CC07D9CD29ED6E72003A5DE4 /* Frameworks */,
				CC07D9CE29ED6E72003A5DE4 /* Resources */,
			);
			buildRules = (
			);
			dependencies = (
				CC07D9D229ED6E72003A5DE4 /* PBXTargetDependency */,
			);
			name = DSATests;
			productName = DSATests;
			productReference = CC07D9D029ED6E72003A5DE4 /* DSATests.xctest */;
			productType = "com.apple.product-type.bundle.unit-test";
		};
		CC07D9D929ED6E72003A5DE4 /* DSAUITests */ = {
			isa = PBXNativeTarget;
			buildConfigurationList = CC07D9EA29ED6E72003A5DE4 /* Build configuration list for PBXNativeTarget "DSAUITests" */;
			buildPhases = (
				CC07D9D629ED6E72003A5DE4 /* Sources */,
				CC07D9D729ED6E72003A5DE4 /* Frameworks */,
				CC07D9D829ED6E72003A5DE4 /* Resources */,
			);
			buildRules = (
			);
			dependencies = (
				CC07D9DC29ED6E72003A5DE4 /* PBXTargetDependency */,
			);
			name = DSAUITests;
			productName = DSAUITests;
			productReference = CC07D9DA29ED6E72003A5DE4 /* DSAUITests.xctest */;
			productType = "com.apple.product-type.bundle.ui-testing";
		};
/* End PBXNativeTarget section */

/* Begin PBXProject section */
		CC07D9AF29ED6E70003A5DE4 /* Project object */ = {
			isa = PBXProject;
			attributes = {
				BuildIndependentTargetsInParallel = 1;
				LastSwiftUpdateCheck = 1340;
				LastUpgradeCheck = 1340;
				TargetAttributes = {
					CC07D9B629ED6E70003A5DE4 = {
						CreatedOnToolsVersion = 13.4.1;
					};
					CC07D9CF29ED6E72003A5DE4 = {
						CreatedOnToolsVersion = 13.4.1;
						TestTargetID = CC07D9B629ED6E70003A5DE4;
					};
					CC07D9D929ED6E72003A5DE4 = {
						CreatedOnToolsVersion = 13.4.1;
						TestTargetID = CC07D9B629ED6E70003A5DE4;
					};
				};
			};
			buildConfigurationList = CC07D9B229ED6E70003A5DE4 /* Build configuration list for PBXProject "DSA" */;
			compatibilityVersion = "Xcode 13.0";
			developmentRegion = en;
			hasScannedForEncodings = 0;
			knownRegions = (
				en,
				Base,
			);
			mainGroup = CC07D9AE29ED6E70003A5DE4;
			productRefGroup = CC07D9B829ED6E70003A5DE4 /* Products */;
			projectDirPath = "";
			projectRoot = "";
			targets = (
				CC07D9B629ED6E70003A5DE4 /* DSA */,
				CC07D9CF29ED6E72003A5DE4 /* DSATests */,
				CC07D9D929ED6E72003A5DE4 /* DSAUITests */,
			);
		};
/* End PBXProject section */

/* Begin PBXResourcesBuildPhase section */
		CC07D9B529ED6E70003A5DE4 /* Resources */ = {
			isa = PBXResourcesBuildPhase;
			buildActionMask = 2147483647;
			files = (
				CC07D9CA29ED6E71003A5DE4 /* LaunchScreen.storyboard in Resources */,
				CC07D9C729ED6E71003A5DE4 /* Assets.xcassets in Resources */,
				CC07D9C229ED6E70003A5DE4 /* Main.storyboard in Resources */,
			);
			runOnlyForDeploymentPostprocessing = 0;
		};
		CC07D9CE29ED6E72003A5DE4 /* Resources */ = {
			isa = PBXResourcesBuildPhase;
			buildActionMask = 2147483647;
			files = (
			);
			runOnlyForDeploymentPostprocessing = 0;
		};
		CC07D9D829ED6E72003A5DE4 /* Resources */ = {
			isa = PBXResourcesBuildPhase;
			buildActionMask = 2147483647;
			files = (
			);
			runOnlyForDeploymentPostprocessing = 0;
		};
/* End PBXResourcesBuildPhase section */

/* Begin PBXSourcesBuildPhase section */
		CC07D9B329ED6E70003A5DE4 /* Sources */ = {
			isa = PBXSourcesBuildPhase;
			buildActionMask = 2147483647;
			files = (
				CC07D9C529ED6E70003A5DE4 /* DSA.xcdatamodeld in Sources */,
				CC07D9F029F03A17003A5DE4 /* DoublyLinkedList.swift in Sources */,
				CC07D9EE29EEEEEC003A5DE4 /* Entity.swift in Sources */,
				CC07D9BF29ED6E70003A5DE4 /* ViewController.swift in Sources */,
				CC07D9BB29ED6E70003A5DE4 /* AppDelegate.swift in Sources */,
				CC07D9BD29ED6E70003A5DE4 /* SceneDelegate.swift in Sources */,
			);
			runOnlyForDeploymentPostprocessing = 0;
		};
		CC07D9CC29ED6E72003A5DE4 /* Sources */ = {
			isa = PBXSourcesBuildPhase;
			buildActionMask = 2147483647;
			files = (
				CC07D9D529ED6E72003A5DE4 /* DSATests.swift in Sources */,
			);
			runOnlyForDeploymentPostprocessing = 0;
		};
		CC07D9D629ED6E72003A5DE4 /* Sources */ = {
			isa = PBXSourcesBuildPhase;
			buildActionMask = 2147483647;
			files = (
				CC07D9DF29ED6E72003A5DE4 /* DSAUITests.swift in Sources */,
				CC07D9E129ED6E72003A5DE4 /* DSAUITestsLaunchTests.swift in Sources */,
			);
			runOnlyForDeploymentPostprocessing = 0;
		};
/* End PBXSourcesBuildPhase section */

/* Begin PBXTargetDependency section */
		CC07D9D229ED6E72003A5DE4 /* PBXTargetDependency */ = {
			isa = PBXTargetDependency;
			target = CC07D9B629ED6E70003A5DE4 /* DSA */;
			targetProxy = CC07D9D129ED6E72003A5DE4 /* PBXContainerItemProxy */;
		};
		CC07D9DC29ED6E72003A5DE4 /* PBXTargetDependency */ = {
			isa = PBXTargetDependency;
			target = CC07D9B629ED6E70003A5DE4 /* DSA */;
			targetProxy = CC07D9DB29ED6E72003A5DE4 /* PBXContainerItemProxy */;
		};
/* End PBXTargetDependency section */

/* Begin PBXVariantGroup section */
		CC07D9C029ED6E70003A5DE4 /* Main.storyboard */ = {
			isa = PBXVariantGroup;
			children = (
				CC07D9C129ED6E70003A5DE4 /* Base */,
			);
			name = Main.storyboard;
			sourceTree = "<group>";
		};
		CC07D9C829ED6E71003A5DE4 /* LaunchScreen.storyboard */ = {
			isa = PBXVariantGroup;
			children = (
				CC07D9C929ED6E71003A5DE4 /* Base */,
			);
			name = LaunchScreen.storyboard;
			sourceTree = "<group>";
		};
/* End PBXVariantGroup section */

/* Begin XCBuildConfiguration section */
		CC07D9E229ED6E72003A5DE4 /* Debug */ = {
			isa = XCBuildConfiguration;
			buildSettings = {
				ALWAYS_SEARCH_USER_PATHS = NO;
				CLANG_ANALYZER_NONNULL = YES;
				CLANG_ANALYZER_NUMBER_OBJECT_CONVERSION = YES_AGGRESSIVE;
				CLANG_CXX_LANGUAGE_STANDARD = "gnu++17";
				CLANG_ENABLE_MODULES = YES;
				CLANG_ENABLE_OBJC_ARC = YES;
				CLANG_ENABLE_OBJC_WEAK = YES;
				CLANG_WARN_BLOCK_CAPTURE_AUTORELEASING = YES;
				CLANG_WARN_BOOL_CONVERSION = YES;
				CLANG_WARN_COMMA = YES;
				CLANG_WARN_CONSTANT_CONVERSION = YES;
				CLANG_WARN_DEPRECATED_OBJC_IMPLEMENTATIONS = YES;
				CLANG_WARN_DIRECT_OBJC_ISA_USAGE = YES_ERROR;
				CLANG_WARN_DOCUMENTATION_COMMENTS = YES;
				CLANG_WARN_EMPTY_BODY = YES;
				CLANG_WARN_ENUM_CONVERSION = YES;
				CLANG_WARN_INFINITE_RECURSION = YES;
				CLANG_WARN_INT_CONVERSION = YES;
				CLANG_WARN_NON_LITERAL_NULL_CONVERSION = YES;
				CLANG_WARN_OBJC_IMPLICIT_RETAIN_SELF = YES;
				CLANG_WARN_OBJC_LITERAL_CONVERSION = YES;
				CLANG_WARN_OBJC_ROOT_CLASS = YES_ERROR;
				CLANG_WARN_QUOTED_INCLUDE_IN_FRAMEWORK_HEADER = YES;
				CLANG_WARN_RANGE_LOOP_ANALYSIS = YES;
				CLANG_WARN_STRICT_PROTOTYPES = YES;
				CLANG_WARN_SUSPICIOUS_MOVE = YES;
				CLANG_WARN_UNGUARDED_AVAILABILITY = YES_AGGRESSIVE;
				CLANG_WARN_UNREACHABLE_CODE = YES;
				CLANG_WARN__DUPLICATE_METHOD_MATCH = YES;
				COPY_PHASE_STRIP = NO;
				DEBUG_INFORMATION_FORMAT = dwarf;
				ENABLE_STRICT_OBJC_MSGSEND = YES;
				ENABLE_TESTABILITY = YES;
				GCC_C_LANGUAGE_STANDARD = gnu11;
				GCC_DYNAMIC_NO_PIC = NO;
				GCC_NO_COMMON_BLOCKS = YES;
				GCC_OPTIMIZATION_LEVEL = 0;
				GCC_PREPROCESSOR_DEFINITIONS = (
					"DEBUG=1",
					"$(inherited)",
				);
				GCC_WARN_64_TO_32_BIT_CONVERSION = YES;
				GCC_WARN_ABOUT_RETURN_TYPE = YES_ERROR;
				GCC_WARN_UNDECLARED_SELECTOR = YES;
				GCC_WARN_UNINITIALIZED_AUTOS = YES_AGGRESSIVE;
				GCC_WARN_UNUSED_FUNCTION = YES;
				GCC_WARN_UNUSED_VARIABLE = YES;
				IPHONEOS_DEPLOYMENT_TARGET = 15.5;
				MTL_ENABLE_DEBUG_INFO = INCLUDE_SOURCE;
				MTL_FAST_MATH = YES;
				ONLY_ACTIVE_ARCH = YES;
				SDKROOT = iphoneos;
				SWIFT_ACTIVE_COMPILATION_CONDITIONS = DEBUG;
				SWIFT_OPTIMIZATION_LEVEL = "-Onone";
			};
			name = Debug;
		};
		CC07D9E329ED6E72003A5DE4 /* Release */ = {
			isa = XCBuildConfiguration;
			buildSettings = {
				ALWAYS_SEARCH_USER_PATHS = NO;
				CLANG_ANALYZER_NONNULL = YES;
				CLANG_ANALYZER_NUMBER_OBJECT_CONVERSION = YES_AGGRESSIVE;
				CLANG_CXX_LANGUAGE_STANDARD = "gnu++17";
				CLANG_ENABLE_MODULES = YES;
				CLANG_ENABLE_OBJC_ARC = YES;
				CLANG_ENABLE_OBJC_WEAK = YES;
				CLANG_WARN_BLOCK_CAPTURE_AUTORELEASING = YES;
				CLANG_WARN_BOOL_CONVERSION = YES;
				CLANG_WARN_COMMA = YES;
				CLANG_WARN_CONSTANT_CONVERSION = YES;
				CLANG_WARN_DEPRECATED_OBJC_IMPLEMENTATIONS = YES;
				CLANG_WARN_DIRECT_OBJC_ISA_USAGE = YES_ERROR;
				CLANG_WARN_DOCUMENTATION_COMMENTS = YES;
				CLANG_WARN_EMPTY_BODY = YES;
				CLANG_WARN_ENUM_CONVERSION = YES;
				CLANG_WARN_INFINITE_RECURSION = YES;
				CLANG_WARN_INT_CONVERSION = YES;
				CLANG_WARN_NON_LITERAL_NULL_CONVERSION = YES;
				CLANG_WARN_OBJC_IMPLICIT_RETAIN_SELF = YES;
				CLANG_WARN_OBJC_LITERAL_CONVERSION = YES;
				CLANG_WARN_OBJC_ROOT_CLASS = YES_ERROR;
				CLANG_WARN_QUOTED_INCLUDE_IN_FRAMEWORK_HEADER = YES;
				CLANG_WARN_RANGE_LOOP_ANALYSIS = YES;
				CLANG_WARN_STRICT_PROTOTYPES = YES;
				CLANG_WARN_SUSPICIOUS_MOVE = YES;
				CLANG_WARN_UNGUARDED_AVAILABILITY = YES_AGGRESSIVE;
				CLANG_WARN_UNREACHABLE_CODE = YES;
				CLANG_WARN__DUPLICATE_METHOD_MATCH = YES;
				COPY_PHASE_STRIP = NO;
				DEBUG_INFORMATION_FORMAT = "dwarf-with-dsym";
				ENABLE_NS_ASSERTIONS = NO;
				ENABLE_STRICT_OBJC_MSGSEND = YES;
				GCC_C_LANGUAGE_STANDARD = gnu11;
				GCC_NO_COMMON_BLOCKS = YES;
				GCC_WARN_64_TO_32_BIT_CONVERSION = YES;
				GCC_WARN_ABOUT_RETURN_TYPE = YES_ERROR;
				GCC_WARN_UNDECLARED_SELECTOR = YES;
				GCC_WARN_UNINITIALIZED_AUTOS = YES_AGGRESSIVE;
				GCC_WARN_UNUSED_FUNCTION = YES;
				GCC_WARN_UNUSED_VARIABLE = YES;
				IPHONEOS_DEPLOYMENT_TARGET = 15.5;
				MTL_ENABLE_DEBUG_INFO = NO;
				MTL_FAST_MATH = YES;
				SDKROOT = iphoneos;
				SWIFT_COMPILATION_MODE = wholemodule;
				SWIFT_OPTIMIZATION_LEVEL = "-O";
				VALIDATE_PRODUCT = YES;
			};
			name = Release;
		};
		CC07D9E529ED6E72003A5DE4 /* Debug */ = {
			isa = XCBuildConfiguration;
			buildSettings = {
				ASSETCATALOG_COMPILER_APPICON_NAME = AppIcon;
				ASSETCATALOG_COMPILER_GLOBAL_ACCENT_COLOR_NAME = AccentColor;
				CODE_SIGN_STYLE = Automatic;
				CURRENT_PROJECT_VERSION = 1;
				DEVELOPMENT_TEAM = 39ZZ8ZKBFC;
				GENERATE_INFOPLIST_FILE = YES;
				INFOPLIST_FILE = DSA/Info.plist;
				INFOPLIST_KEY_UIApplicationSupportsIndirectInputEvents = YES;
				INFOPLIST_KEY_UILaunchStoryboardName = LaunchScreen;
				INFOPLIST_KEY_UIMainStoryboardFile = Main;
				INFOPLIST_KEY_UISupportedInterfaceOrientations_iPad = "UIInterfaceOrientationPortrait UIInterfaceOrientationPortraitUpsideDown UIInterfaceOrientationLandscapeLeft UIInterfaceOrientationLandscapeRight";
				INFOPLIST_KEY_UISupportedInterfaceOrientations_iPhone = "UIInterfaceOrientationPortrait UIInterfaceOrientationLandscapeLeft UIInterfaceOrientationLandscapeRight";
				LD_RUNPATH_SEARCH_PATHS = (
					"$(inherited)",
					"@executable_path/Frameworks",
				);
				MARKETING_VERSION = 1.0;
				PRODUCT_BUNDLE_IDENTIFIER = com.iOS.DSA;
				PRODUCT_NAME = "$(TARGET_NAME)";
				SWIFT_EMIT_LOC_STRINGS = YES;
				SWIFT_VERSION = 5.0;
				TARGETED_DEVICE_FAMILY = "1,2";
			};
			name = Debug;
		};
		CC07D9E629ED6E72003A5DE4 /* Release */ = {
			isa = XCBuildConfiguration;
			buildSettings = {
				ASSETCATALOG_COMPILER_APPICON_NAME = AppIcon;
				ASSETCATALOG_COMPILER_GLOBAL_ACCENT_COLOR_NAME = AccentColor;
				CODE_SIGN_STYLE = Automatic;
				CURRENT_PROJECT_VERSION = 1;
				DEVELOPMENT_TEAM = 39ZZ8ZKBFC;
				GENERATE_INFOPLIST_FILE = YES;
				INFOPLIST_FILE = DSA/Info.plist;
				INFOPLIST_KEY_UIApplicationSupportsIndirectInputEvents = YES;
				INFOPLIST_KEY_UILaunchStoryboardName = LaunchScreen;
				INFOPLIST_KEY_UIMainStoryboardFile = Main;
				INFOPLIST_KEY_UISupportedInterfaceOrientations_iPad = "UIInterfaceOrientationPortrait UIInterfaceOrientationPortraitUpsideDown UIInterfaceOrientationLandscapeLeft UIInterfaceOrientationLandscapeRight";
				INFOPLIST_KEY_UISupportedInterfaceOrientations_iPhone = "UIInterfaceOrientationPortrait UIInterfaceOrientationLandscapeLeft UIInterfaceOrientationLandscapeRight";
				LD_RUNPATH_SEARCH_PATHS = (
					"$(inherited)",
					"@executable_path/Frameworks",
				);
				MARKETING_VERSION = 1.0;
				PRODUCT_BUNDLE_IDENTIFIER = com.iOS.DSA;
				PRODUCT_NAME = "$(TARGET_NAME)";
				SWIFT_EMIT_LOC_STRINGS = YES;
				SWIFT_VERSION = 5.0;
				TARGETED_DEVICE_FAMILY = "1,2";
			};
			name = Release;
		};
		CC07D9E829ED6E72003A5DE4 /* Debug */ = {
			isa = XCBuildConfiguration;
			buildSettings = {
				ALWAYS_EMBED_SWIFT_STANDARD_LIBRARIES = YES;
				BUNDLE_LOADER = "$(TEST_HOST)";
				CODE_SIGN_STYLE = Automatic;
				CURRENT_PROJECT_VERSION = 1;
				DEVELOPMENT_TEAM = 39ZZ8ZKBFC;
				GENERATE_INFOPLIST_FILE = YES;
				IPHONEOS_DEPLOYMENT_TARGET = 15.5;
				MARKETING_VERSION = 1.0;
				PRODUCT_BUNDLE_IDENTIFIER = com.iOS.DSATests;
				PRODUCT_NAME = "$(TARGET_NAME)";
				SWIFT_EMIT_LOC_STRINGS = NO;
				SWIFT_VERSION = 5.0;
				TARGETED_DEVICE_FAMILY = "1,2";
				TEST_HOST = "$(BUILT_PRODUCTS_DIR)/DSA.app/DSA";
			};
			name = Debug;
		};
		CC07D9E929ED6E72003A5DE4 /* Release */ = {
			isa = XCBuildConfiguration;
			buildSettings = {
				ALWAYS_EMBED_SWIFT_STANDARD_LIBRARIES = YES;
				BUNDLE_LOADER = "$(TEST_HOST)";
				CODE_SIGN_STYLE = Automatic;
				CURRENT_PROJECT_VERSION = 1;
				DEVELOPMENT_TEAM = 39ZZ8ZKBFC;
				GENERATE_INFOPLIST_FILE = YES;
				IPHONEOS_DEPLOYMENT_TARGET = 15.5;
				MARKETING_VERSION = 1.0;
				PRODUCT_BUNDLE_IDENTIFIER = com.iOS.DSATests;
				PRODUCT_NAME = "$(TARGET_NAME)";
				SWIFT_EMIT_LOC_STRINGS = NO;
				SWIFT_VERSION = 5.0;
				TARGETED_DEVICE_FAMILY = "1,2";
				TEST_HOST = "$(BUILT_PRODUCTS_DIR)/DSA.app/DSA";
			};
			name = Release;
		};
		CC07D9EB29ED6E72003A5DE4 /* Debug */ = {
			isa = XCBuildConfiguration;
			buildSettings = {
				ALWAYS_EMBED_SWIFT_STANDARD_LIBRARIES = YES;
				CODE_SIGN_STYLE = Automatic;
				CURRENT_PROJECT_VERSION = 1;
				DEVELOPMENT_TEAM = 39ZZ8ZKBFC;
				GENERATE_INFOPLIST_FILE = YES;
				MARKETING_VERSION = 1.0;
				PRODUCT_BUNDLE_IDENTIFIER = com.iOS.DSAUITests;
				PRODUCT_NAME = "$(TARGET_NAME)";
				SWIFT_EMIT_LOC_STRINGS = NO;
				SWIFT_VERSION = 5.0;
				TARGETED_DEVICE_FAMILY = "1,2";
				TEST_TARGET_NAME = DSA;
			};
			name = Debug;
		};
		CC07D9EC29ED6E72003A5DE4 /* Release */ = {
			isa = XCBuildConfiguration;
			buildSettings = {
				ALWAYS_EMBED_SWIFT_STANDARD_LIBRARIES = YES;
				CODE_SIGN_STYLE = Automatic;
				CURRENT_PROJECT_VERSION = 1;
				DEVELOPMENT_TEAM = 39ZZ8ZKBFC;
				GENERATE_INFOPLIST_FILE = YES;
				MARKETING_VERSION = 1.0;
				PRODUCT_BUNDLE_IDENTIFIER = com.iOS.DSAUITests;
				PRODUCT_NAME = "$(TARGET_NAME)";
				SWIFT_EMIT_LOC_STRINGS = NO;
				SWIFT_VERSION = 5.0;
				TARGETED_DEVICE_FAMILY = "1,2";
				TEST_TARGET_NAME = DSA;
			};
			name = Release;
		};
/* End XCBuildConfiguration section */

/* Begin XCConfigurationList section */
		CC07D9B229ED6E70003A5DE4 /* Build configuration list for PBXProject "DSA" */ = {
			isa = XCConfigurationList;
			buildConfigurations = (
				CC07D9E229ED6E72003A5DE4 /* Debug */,
				CC07D9E329ED6E72003A5DE4 /* Release */,
			);
			defaultConfigurationIsVisible = 0;
			defaultConfigurationName = Release;
		};
		CC07D9E429ED6E72003A5DE4 /* Build configuration list for PBXNativeTarget "DSA" */ = {
			isa = XCConfigurationList;
			buildConfigurations = (
				CC07D9E529ED6E72003A5DE4 /* Debug */,
				CC07D9E629ED6E72003A5DE4 /* Release */,
			);
			defaultConfigurationIsVisible = 0;
			defaultConfigurationName = Release;
		};
		CC07D9E729ED6E72003A5DE4 /* Build configuration list for PBXNativeTarget "DSATests" */ = {
			isa = XCConfigurationList;
			buildConfigurations = (
				CC07D9E829ED6E72003A5DE4 /* Debug */,
				CC07D9E929ED6E72003A5DE4 /* Release */,
			);
			defaultConfigurationIsVisible = 0;
			defaultConfigurationName = Release;
		};
		CC07D9EA29ED6E72003A5DE4 /* Build configuration list for PBXNativeTarget "DSAUITests" */ = {
			isa = XCConfigurationList;
			buildConfigurations = (
				CC07D9EB29ED6E72003A5DE4 /* Debug */,
				CC07D9EC29ED6E72003A5DE4 /* Release */,
			);
			defaultConfigurationIsVisible = 0;
			defaultConfigurationName = Release;
		};
/* End XCConfigurationList section */

/* Begin XCVersionGroup section */
		CC07D9C329ED6E70003A5DE4 /* DSA.xcdatamodeld */ = {
			isa = XCVersionGroup;
			children = (
				CC07D9C429ED6E70003A5DE4 /* DSA.xcdatamodel */,
			);
			currentVersion = CC07D9C429ED6E70003A5DE4 /* DSA.xcdatamodel */;
			path = DSA.xcdatamodeld;
			sourceTree = "<group>";
			versionGroupType = wrapper.xcdatamodel;
		};
/* End XCVersionGroup section */
	};
	rootObject = CC07D9AF29ED6E70003A5DE4 /* Project object */;
}
